
Microsoft Visual Studio Solution File, Format Version 12.00
# Visual Studio 14
VisualStudioVersion = 14.0.25420.1
MinimumVisualStudioVersion = 10.0.40219.1
Project("{FAE04EC0-301F-11D3-BF4B-00C04F79EFBC}") = "DataLayer", "DataLayer\DataLayer.csproj", "{5BC55CDC-E09A-40D1-BC39-4F6DFF7D9C62}"
EndProject
Project("{FAE04EC0-301F-11D3-BF4B-00C04F79EFBC}") = "DataLayerTests", "DataLayerTests\DataLayerTests.csproj", "{BCB71E0E-402A-4EC6-A98F-8A9BDA843BA7}"
EndProject
Project("{FAE04EC0-301F-11D3-BF4B-00C04F79EFBC}") = "TechSeeQueries", "TechSeeQueries\TechSeeQueries.csproj", "{5D98FAC1-D4DC-4466-AD37-B9ACFECF4A6C}"
EndProject
Project("{FAE04EC0-301F-11D3-BF4B-00C04F79EFBC}") = "TechSeeQueries.Tests", "TechSeeQueries.Tests\TechSeeQueries.Tests.csproj", "{EF0B0A76-345C-4CF5-BED1-E8F98FF8906E}"
EndProject
Global
	GlobalSection(SolutionConfigurationPlatforms) = preSolution
		Debug|Any CPU = Debug|Any CPU
		Release|Any CPU = Release|Any CPU
	EndGlobalSection
	GlobalSection(ProjectConfigurationPlatforms) = postSolution
		{5BC55CDC-E09A-40D1-BC39-4F6DFF7D9C62}.Debug|Any CPU.ActiveCfg = Debug|Any CPU
		{5BC55CDC-E09A-40D1-BC39-4F6DFF7D9C62}.Debug|Any CPU.Build.0 = Debug|Any CPU
		{5BC55CDC-E09A-40D1-BC39-4F6DFF7D9C62}.Release|Any CPU.ActiveCfg = Release|Any CPU
		{5BC55CDC-E09A-40D1-BC39-4F6DFF7D9C62}.Release|Any CPU.Build.0 = Release|Any CPU
		{BCB71E0E-402A-4EC6-A98F-8A9BDA843BA7}.Debug|Any CPU.ActiveCfg = Debug|Any CPU
		{BCB71E0E-402A-4EC6-A98F-8A9BDA843BA7}.Debug|Any CPU.Build.0 = Debug|Any CPU
		{BCB71E0E-402A-4EC6-A98F-8A9BDA843BA7}.Release|Any CPU.ActiveCfg = Release|Any CPU
		{BCB71E0E-402A-4EC6-A98F-8A9BDA843BA7}.Release|Any CPU.Build.0 = Release|Any CPU
		{5D98FAC1-D4DC-4466-AD37-B9ACFECF4A6C}.Debug|Any CPU.ActiveCfg = Debug|Any CPU
		{5D98FAC1-D4DC-4466-AD37-B9ACFECF4A6C}.Debug|Any CPU.Build.0 = Debug|Any CPU
		{5D98FAC1-D4DC-4466-AD37-B9ACFECF4A6C}.Release|Any CPU.ActiveCfg = Release|Any CPU
		{5D98FAC1-D4DC-4466-AD37-B9ACFECF4A6C}.Release|Any CPU.Build.0 = Release|Any CPU
		{EF0B0A76-345C-4CF5-BED1-E8F98FF8906E}.Debug|Any CPU.ActiveCfg = Debug|Any CPU
		{EF0B0A76-345C-4CF5-BED1-E8F98FF8906E}.Debug|Any CPU.Build.0 = Debug|Any CPU
		{EF0B0A76-345C-4CF5-BED1-E8F98FF8906E}.Release|Any CPU.ActiveCfg = Release|Any CPU
		{EF0B0A76-345C-4CF5-BED1-E8F98FF8906E}.Release|Any CPU.Build.0 = Release|Any CPU
	EndGlobalSection
	GlobalSection(SolutionProperties) = preSolution
		HideSolutionNode = FALSE
	EndGlobalSection
EndGlobal
